{
  "name": "generator",
  "version": "0.0.1",
  "lockfileVersion": 1,
  "requires": true,
  "dependencies": {
    "@types/activex-interop": {
      "version": "0.0.2",
      "resolved": "https://registry.npmjs.org/@types/activex-interop/-/activex-interop-0.0.2.tgz",
      "integrity": "sha512-bD9ZrjZtCDUWIfb5XEAIdg/fgYqaB2VZbPkkSviUSLMy9FgF5Lrr1/+EHhJPnDVm5vUvof2sNr4pf05+Kcrt3A==",
      "dev": true
    },
    "@types/activex-scripting": {
      "version": "1.0.6",
      "resolved": "https://registry.npmjs.org/@types/activex-scripting/-/activex-scripting-1.0.6.tgz",
      "integrity": "sha512-/G+6aEqPCrjeu/fZferONyHzYm77q49FkTfqow51ZYxealFoVqXjZ7W3HXL1ibclbfo7bCC6kbymt4zsd4NKBg==",
      "dev": true,
      "requires": {
        "@types/activex-interop": "*",
        "activex-helpers": "*"
      }
    },
    "activex-helpers": {
      "version": "1.0.2",
      "resolved": "https://registry.npmjs.org/activex-helpers/-/activex-helpers-1.0.2.tgz",
      "integrity": "sha512-3p7JuTLa/hAxrrGaYvrvhGNQbANXXGitI7bhSoVCzhVbZop+tXAojGBodxsHSx5UnfFi/uOeXumouGnfFchkwg==",
      "dev": true
    },
    "typescript": {
      "version": "3.1.1",
      "resolved": "https://registry.npmjs.org/typescript/-/typescript-3.1.1.tgz",
      "integrity": "sha512-Veu0w4dTc/9wlWNf2jeRInNodKlcdLgemvPsrNpfu5Pq39sgfFjvIIgTsvUHCoLBnMhPoUA+tFxsXjU6VexVRQ==",
      "dev": true
    }
  }
}
