{
  "name": "iterables",
  "version": "0.0.1",
  "lockfileVersion": 2,
  "requires": true,
  "packages": {
    "": {
      "version": "0.0.1",
      "license": "MIT",
      "devDependencies": {
        "@types/activex-adodb": "^6.1.7",
        "@types/activex-scripting": "^1.0.6",
        "@types/windows-script-host": "^5.8.2",
        "typescript": "~3.1.6"
      }
    },
    "node_modules/@types/activex-adodb": {
      "version": "6.1.7",
      "resolved": "https://registry.npmjs.org/@types/activex-adodb/-/activex-adodb-6.1.7.tgz",
      "integrity": "sha512-HI1se5m1sYjxp078Sw8xJWqTTdcy4jwlUf9dPGeSvfBCXBH5vCotUWw9mWt+N4n9Wz2/6SsJkYbc1CyHnKkOjw==",
      "dev": true,
      "dependencies": {
        "@types/activex-interop": "*",
        "activex-helpers": "*"
      }
    },
    "node_modules/@types/activex-interop": {
      "version": "0.0.2",
      "resolved": "https://registry.npmjs.org/@types/activex-interop/-/activex-interop-0.0.2.tgz",
      "integrity": "sha512-bD9ZrjZtCDUWIfb5XEAIdg/fgYqaB2VZbPkkSviUSLMy9FgF5Lrr1/+EHhJPnDVm5vUvof2sNr4pf05+Kcrt3A==",
      "dev": true
    },
    "node_modules/@types/activex-iwshruntimelibrary": {
      "version": "0.0.2",
      "resolved": "https://registry.npmjs.org/@types/activex-iwshruntimelibrary/-/activex-iwshruntimelibrary-0.0.2.tgz",
      "integrity": "sha512-OND+QycpNzDl5qyDWxmDXfHFpiQA+BFzcgcf5TLZC7tBB4gXp1+AsDsh6a9ARxpFghczv5PtHBPl2+GfkkD7OA==",
      "dev": true,
      "dependencies": {
        "@types/activex-interop": "*"
      }
    },
    "node_modules/@types/activex-scripting": {
      "version": "1.0.6",
      "resolved": "https://registry.npmjs.org/@types/activex-scripting/-/activex-scripting-1.0.6.tgz",
      "integrity": "sha512-/G+6aEqPCrjeu/fZferONyHzYm77q49FkTfqow51ZYxealFoVqXjZ7W3HXL1ibclbfo7bCC6kbymt4zsd4NKBg==",
      "dev": true,
      "dependencies": {
        "@types/activex-interop": "*",
        "activex-helpers": "*"
      }
    },
    "node_modules/@types/windows-script-host": {
      "version": "5.8.3",
      "resolved": "https://registry.npmjs.org/@types/windows-script-host/-/windows-script-host-5.8.3.tgz",
      "integrity": "sha512-EUbTMPc4mCAiktRJ5yn+/AmOjlxQlZON7ZWRmM4cK0wKcPkfIeIq+1qj99KWPFULwyPmFAW1pmXL0LjRPYk1sQ==",
      "dev": true,
      "license": "MIT",
      "dependencies": {
        "@types/activex-iwshruntimelibrary": "*"
      }
    },
    "node_modules/activex-helpers": {
      "version": "1.0.2",
      "resolved": "https://registry.npmjs.org/activex-helpers/-/activex-helpers-1.0.2.tgz",
      "integrity": "sha512-3p7JuTLa/hAxrrGaYvrvhGNQbANXXGitI7bhSoVCzhVbZop+tXAojGBodxsHSx5UnfFi/uOeXumouGnfFchkwg==",
      "dev": true
    },
    "node_modules/typescript": {
      "version": "3.1.6",
      "resolved": "https://registry.npmjs.org/typescript/-/typescript-3.1.6.tgz",
      "integrity": "sha512-tDMYfVtvpb96msS1lDX9MEdHrW4yOuZ4Kdc4Him9oU796XldPYF/t2+uKoX0BBa0hXXwDlqYQbXY5Rzjzc5hBA==",
      "dev": true,
      "bin": {
        "tsc": "bin/tsc",
        "tsserver": "bin/tsserver"
      },
      "engines": {
        "node": ">=4.2.0"
      }
    }
  },
  "dependencies": {
    "@types/activex-adodb": {
      "version": "6.1.7",
      "resolved": "https://registry.npmjs.org/@types/activex-adodb/-/activex-adodb-6.1.7.tgz",
      "integrity": "sha512-HI1se5m1sYjxp078Sw8xJWqTTdcy4jwlUf9dPGeSvfBCXBH5vCotUWw9mWt+N4n9Wz2/6SsJkYbc1CyHnKkOjw==",
      "dev": true,
      "requires": {
        "@types/activex-interop": "*",
        "activex-helpers": "*"
      }
    },
    "@types/activex-interop": {
      "version": "0.0.2",
      "resolved": "https://registry.npmjs.org/@types/activex-interop/-/activex-interop-0.0.2.tgz",
      "integrity": "sha512-bD9ZrjZtCDUWIfb5XEAIdg/fgYqaB2VZbPkkSviUSLMy9FgF5Lrr1/+EHhJPnDVm5vUvof2sNr4pf05+Kcrt3A==",
      "dev": true
    },
    "@types/activex-iwshruntimelibrary": {
      "version": "0.0.2",
      "resolved": "https://registry.npmjs.org/@types/activex-iwshruntimelibrary/-/activex-iwshruntimelibrary-0.0.2.tgz",
      "integrity": "sha512-OND+QycpNzDl5qyDWxmDXfHFpiQA+BFzcgcf5TLZC7tBB4gXp1+AsDsh6a9ARxpFghczv5PtHBPl2+GfkkD7OA==",
      "dev": true,
      "requires": {
        "@types/activex-interop": "*"
      }
    },
    "@types/activex-scripting": {
      "version": "1.0.6",
      "resolved": "https://registry.npmjs.org/@types/activex-scripting/-/activex-scripting-1.0.6.tgz",
      "integrity": "sha512-/G+6aEqPCrjeu/fZferONyHzYm77q49FkTfqow51ZYxealFoVqXjZ7W3HXL1ibclbfo7bCC6kbymt4zsd4NKBg==",
      "dev": true,
      "requires": {
        "@types/activex-interop": "*",
        "activex-helpers": "*"
      }
    },
    "@types/windows-script-host": {
      "version": "5.8.3",
      "resolved": "https://registry.npmjs.org/@types/windows-script-host/-/windows-script-host-5.8.3.tgz",
      "integrity": "sha512-EUbTMPc4mCAiktRJ5yn+/AmOjlxQlZON7ZWRmM4cK0wKcPkfIeIq+1qj99KWPFULwyPmFAW1pmXL0LjRPYk1sQ==",
      "dev": true,
      "requires": {
        "@types/activex-iwshruntimelibrary": "*"
      }
    },
    "activex-helpers": {
      "version": "1.0.2",
      "resolved": "https://registry.npmjs.org/activex-helpers/-/activex-helpers-1.0.2.tgz",
      "integrity": "sha512-3p7JuTLa/hAxrrGaYvrvhGNQbANXXGitI7bhSoVCzhVbZop+tXAojGBodxsHSx5UnfFi/uOeXumouGnfFchkwg==",
      "dev": true
    },
    "typescript": {
      "version": "3.1.6",
      "resolved": "https://registry.npmjs.org/typescript/-/typescript-3.1.6.tgz",
      "integrity": "sha512-tDMYfVtvpb96msS1lDX9MEdHrW4yOuZ4Kdc4Him9oU796XldPYF/t2+uKoX0BBa0hXXwDlqYQbXY5Rzjzc5hBA==",
      "dev": true
    }
  }
}
