{
  "name": "@types/msxml2",
  "version": "1.0.0",
  "lockfileVersion": 1,
  "requires": true,
  "dependencies": {
    "@types/activex-interop": {
      "version": "0.0.2",
      "resolved": "https://registry.npmjs.org/@types/activex-interop/-/activex-interop-0.0.2.tgz",
      "integrity": "sha512-bD9ZrjZtCDUWIfb5XEAIdg/fgYqaB2VZbPkkSviUSLMy9FgF5Lrr1/+EHhJPnDVm5vUvof2sNr4pf05+Kcrt3A=="
    },
    "@types/activex-iwshruntimelibrary": {
      "version": "0.0.1",
      "resolved": "https://registry.npmjs.org/@types/activex-iwshruntimelibrary/-/activex-iwshruntimelibrary-0.0.1.tgz",
      "integrity": "sha512-R+6IjrAOD7IAWM6hcy1df5AtaCIIdscAuLz1ZFF/iV5OuBLQj8U+iI41kNh7ZfH6LIEBJiGuPuAwl+CvozQNyw==",
      "requires": {
        "@types/activex-interop": "*"
      }
    },
    "@types/windows-script-host": {
      "version": "5.8.2",
      "resolved": "https://registry.npmjs.org/@types/windows-script-host/-/windows-script-host-5.8.2.tgz",
      "integrity": "sha512-MiT9+FPLTtFtFJdiQ1UhUtqJr340wPjDpEDggdrWFQB34xAxGXhEcSYxFE7JwslJ3/nyu9Q1CHH7uMKfTOATJg==",
      "requires": {
        "@types/activex-iwshruntimelibrary": "*"
      }
    },
    "activex-helpers": {
      "version": "1.0.2",
      "resolved": "https://registry.npmjs.org/activex-helpers/-/activex-helpers-1.0.2.tgz",
      "integrity": "sha512-3p7JuTLa/hAxrrGaYvrvhGNQbANXXGitI7bhSoVCzhVbZop+tXAojGBodxsHSx5UnfFi/uOeXumouGnfFchkwg=="
    }
  }
}
